
Microsoft Visual Studio Solution File, Format Version 12.00
# Visual Studio 15
VisualStudioVersion = 15.0.27703.2000
MinimumVisualStudioVersion = 10.0.40219.1
Project("{FAE04EC0-301F-11D3-BF4B-00C04F79EFBC}") = "170444_RubiVargas_Calculadora", "Calculadora\170444_RubiVargas_Calculadora.csproj", "{DC4A83AF-493E-4356-9726-5E40FA1A16D0}"
EndProject
Project("{FAE04EC0-301F-11D3-BF4B-00C04F79EFBC}") = "170444_RubiVargas_EditorDeTexto", "170444_RubiVargas_EditorDeTexto\170444_RubiVargas_EditorDeTexto.csproj", "{3A639F29-DFD0-4036-B6B1-C274310BC88A}"
EndProject
Project("{FAE04EC0-301F-11D3-BF4B-00C04F79EFBC}") = "170444_RubiVargas_Inscripciones", "170444_RubiVargas_Inscripciones\170444_RubiVargas_Inscripciones.csproj", "{BF27D5DB-A3CD-4934-A849-69509FF29DD3}"
EndProject
Project("{FAE04EC0-301F-11D3-BF4B-00C04F79EFBC}") = "PorfavorDiosito.Android", "PorfavorDiosito\PorfavorDiosito.Android\PorfavorDiosito.Android.csproj", "{87E46082-2AF9-460E-980F-5E0AF2A7C684}"
EndProject
Project("{D954291E-2A0B-460D-934E-DC6B0785DB48}") = "PorfavorDiosito", "PorfavorDiosito\PorfavorDiosito\PorfavorDiosito.shproj", "{CDB267A3-1DB0-468D-9CF0-B4CE225E928B}"
EndProject
Project("{FAE04EC0-301F-11D3-BF4B-00C04F79EFBC}") = "Calculator.Android", "Calculator\Calculator.Android\Calculator.Android.csproj", "{563C4E58-77B7-4403-AC4E-C54665FC5535}"
EndProject
Project("{D954291E-2A0B-460D-934E-DC6B0785DB48}") = "Calculator", "Calculator\Calculator\Calculator.shproj", "{6DFFAB15-F2AA-41A7-A528-08DB41A731B3}"
EndProject
Project("{FAE04EC0-301F-11D3-BF4B-00C04F79EFBC}") = "CalculadoraIMC.Android", "CalculadoraIMC\CalculadoraIMC.Android\CalculadoraIMC.Android.csproj", "{C09A20E4-9FAB-44FA-8ED7-6A2139D9AB3F}"
EndProject
Project("{D954291E-2A0B-460D-934E-DC6B0785DB48}") = "CalculadoraIMC", "CalculadoraIMC\CalculadoraIMC\CalculadoraIMC.shproj", "{A085DEF8-94F0-4D17-A1B7-ED720A8520A3}"
EndProject
Project("{FAE04EC0-301F-11D3-BF4B-00C04F79EFBC}") = "SubnetCalculator.Android", "SubnetCalculator\SubnetCalculator.Android\SubnetCalculator.Android.csproj", "{A94B9FA6-CCA9-4968-938B-65F1149D2115}"
EndProject
Project("{D954291E-2A0B-460D-934E-DC6B0785DB48}") = "SubnetCalculator", "SubnetCalculator\SubnetCalculator\SubnetCalculator.shproj", "{CAEA784D-FC08-4AF9-A391-2522B64EF041}"
EndProject
Global
	GlobalSection(SharedMSBuildProjectFiles) = preSolution
		Calculator\Calculator\Calculator.projitems*{563c4e58-77b7-4403-ac4e-c54665fc5535}*SharedItemsImports = 4
		Calculator\Calculator\Calculator.projitems*{6dffab15-f2aa-41a7-a528-08db41a731b3}*SharedItemsImports = 13
		PorfavorDiosito\PorfavorDiosito\PorfavorDiosito.projitems*{87e46082-2af9-460e-980f-5e0af2a7c684}*SharedItemsImports = 4
		CalculadoraIMC\CalculadoraIMC\CalculadoraIMC.projitems*{a085def8-94f0-4d17-a1b7-ed720a8520a3}*SharedItemsImports = 13
		SubnetCalculator\SubnetCalculator\SubnetCalculator.projitems*{a94b9fa6-cca9-4968-938b-65f1149d2115}*SharedItemsImports = 4
		CalculadoraIMC\CalculadoraIMC\CalculadoraIMC.projitems*{c09a20e4-9fab-44fa-8ed7-6a2139d9ab3f}*SharedItemsImports = 4
		SubnetCalculator\SubnetCalculator\SubnetCalculator.projitems*{caea784d-fc08-4af9-a391-2522b64ef041}*SharedItemsImports = 13
		PorfavorDiosito\PorfavorDiosito\PorfavorDiosito.projitems*{cdb267a3-1db0-468d-9cf0-b4ce225e928b}*SharedItemsImports = 13
	EndGlobalSection
	GlobalSection(SolutionConfigurationPlatforms) = preSolution
		Ad-Hoc|Any CPU = Ad-Hoc|Any CPU
		Ad-Hoc|ARM = Ad-Hoc|ARM
		Ad-Hoc|iPhone = Ad-Hoc|iPhone
		Ad-Hoc|iPhoneSimulator = Ad-Hoc|iPhoneSimulator
		Ad-Hoc|x64 = Ad-Hoc|x64
		Ad-Hoc|x86 = Ad-Hoc|x86
		AppStore|Any CPU = AppStore|Any CPU
		AppStore|ARM = AppStore|ARM
		AppStore|iPhone = AppStore|iPhone
		AppStore|iPhoneSimulator = AppStore|iPhoneSimulator
		AppStore|x64 = AppStore|x64
		AppStore|x86 = AppStore|x86
		Debug|Any CPU = Debug|Any CPU
		Debug|ARM = Debug|ARM
		Debug|iPhone = Debug|iPhone
		Debug|iPhoneSimulator = Debug|iPhoneSimulator
		Debug|x64 = Debug|x64
		Debug|x86 = Debug|x86
		Release|Any CPU = Release|Any CPU
		Release|ARM = Release|ARM
		Release|iPhone = Release|iPhone
		Release|iPhoneSimulator = Release|iPhoneSimulator
		Release|x64 = Release|x64
		Release|x86 = Release|x86
	EndGlobalSection
	GlobalSection(ProjectConfigurationPlatforms) = postSolution
		{DC4A83AF-493E-4356-9726-5E40FA1A16D0}.Ad-Hoc|Any CPU.ActiveCfg = Release|Any CPU
		{DC4A83AF-493E-4356-9726-5E40FA1A16D0}.Ad-Hoc|Any CPU.Build.0 = Release|Any CPU
		{DC4A83AF-493E-4356-9726-5E40FA1A16D0}.Ad-Hoc|ARM.ActiveCfg = Release|Any CPU
		{DC4A83AF-493E-4356-9726-5E40FA1A16D0}.Ad-Hoc|ARM.Build.0 = Release|Any CPU
		{DC4A83AF-493E-4356-9726-5E40FA1A16D0}.Ad-Hoc|iPhone.ActiveCfg = Release|Any CPU
		{DC4A83AF-493E-4356-9726-5E40FA1A16D0}.Ad-Hoc|iPhone.Build.0 = Release|Any CPU
		{DC4A83AF-493E-4356-9726-5E40FA1A16D0}.Ad-Hoc|iPhoneSimulator.ActiveCfg = Release|Any CPU
		{DC4A83AF-493E-4356-9726-5E40FA1A16D0}.Ad-Hoc|iPhoneSimulator.Build.0 = Release|Any CPU
		{DC4A83AF-493E-4356-9726-5E40FA1A16D0}.Ad-Hoc|x64.ActiveCfg = Release|Any CPU
		{DC4A83AF-493E-4356-9726-5E40FA1A16D0}.Ad-Hoc|x64.Build.0 = Release|Any CPU
		{DC4A83AF-493E-4356-9726-5E40FA1A16D0}.Ad-Hoc|x86.ActiveCfg = Release|Any CPU
		{DC4A83AF-493E-4356-9726-5E40FA1A16D0}.Ad-Hoc|x86.Build.0 = Release|Any CPU
		{DC4A83AF-493E-4356-9726-5E40FA1A16D0}.AppStore|Any CPU.ActiveCfg = Release|Any CPU
		{DC4A83AF-493E-4356-9726-5E40FA1A16D0}.AppStore|Any CPU.Build.0 = Release|Any CPU
		{DC4A83AF-493E-4356-9726-5E40FA1A16D0}.AppStore|ARM.ActiveCfg = Release|Any CPU
		{DC4A83AF-493E-4356-9726-5E40FA1A16D0}.AppStore|ARM.Build.0 = Release|Any CPU
		{DC4A83AF-493E-4356-9726-5E40FA1A16D0}.AppStore|iPhone.ActiveCfg = Release|Any CPU
		{DC4A83AF-493E-4356-9726-5E40FA1A16D0}.AppStore|iPhone.Build.0 = Release|Any CPU
		{DC4A83AF-493E-4356-9726-5E40FA1A16D0}.AppStore|iPhoneSimulator.ActiveCfg = Release|Any CPU
		{DC4A83AF-493E-4356-9726-5E40FA1A16D0}.AppStore|iPhoneSimulator.Build.0 = Release|Any CPU
		{DC4A83AF-493E-4356-9726-5E40FA1A16D0}.AppStore|x64.ActiveCfg = Release|Any CPU
		{DC4A83AF-493E-4356-9726-5E40FA1A16D0}.AppStore|x64.Build.0 = Release|Any CPU
		{DC4A83AF-493E-4356-9726-5E40FA1A16D0}.AppStore|x86.ActiveCfg = Release|Any CPU
		{DC4A83AF-493E-4356-9726-5E40FA1A16D0}.AppStore|x86.Build.0 = Release|Any CPU
		{DC4A83AF-493E-4356-9726-5E40FA1A16D0}.Debug|Any CPU.ActiveCfg = Debug|Any CPU
		{DC4A83AF-493E-4356-9726-5E40FA1A16D0}.Debug|Any CPU.Build.0 = Debug|Any CPU
		{DC4A83AF-493E-4356-9726-5E40FA1A16D0}.Debug|ARM.ActiveCfg = Debug|Any CPU
		{DC4A83AF-493E-4356-9726-5E40FA1A16D0}.Debug|ARM.Build.0 = Debug|Any CPU
		{DC4A83AF-493E-4356-9726-5E40FA1A16D0}.Debug|iPhone.ActiveCfg = Debug|Any CPU
		{DC4A83AF-493E-4356-9726-5E40FA1A16D0}.Debug|iPhone.Build.0 = Debug|Any CPU
		{DC4A83AF-493E-4356-9726-5E40FA1A16D0}.Debug|iPhoneSimulator.ActiveCfg = Debug|Any CPU
		{DC4A83AF-493E-4356-9726-5E40FA1A16D0}.Debug|iPhoneSimulator.Build.0 = Debug|Any CPU
		{DC4A83AF-493E-4356-9726-5E40FA1A16D0}.Debug|x64.ActiveCfg = Debug|Any CPU
		{DC4A83AF-493E-4356-9726-5E40FA1A16D0}.Debug|x64.Build.0 = Debug|Any CPU
		{DC4A83AF-493E-4356-9726-5E40FA1A16D0}.Debug|x86.ActiveCfg = Debug|Any CPU
		{DC4A83AF-493E-4356-9726-5E40FA1A16D0}.Debug|x86.Build.0 = Debug|Any CPU
		{DC4A83AF-493E-4356-9726-5E40FA1A16D0}.Release|Any CPU.ActiveCfg = Release|Any CPU
		{DC4A83AF-493E-4356-9726-5E40FA1A16D0}.Release|Any CPU.Build.0 = Release|Any CPU
		{DC4A83AF-493E-4356-9726-5E40FA1A16D0}.Release|ARM.ActiveCfg = Release|Any CPU
		{DC4A83AF-493E-4356-9726-5E40FA1A16D0}.Release|ARM.Build.0 = Release|Any CPU
		{DC4A83AF-493E-4356-9726-5E40FA1A16D0}.Release|iPhone.ActiveCfg = Release|Any CPU
		{DC4A83AF-493E-4356-9726-5E40FA1A16D0}.Release|iPhone.Build.0 = Release|Any CPU
		{DC4A83AF-493E-4356-9726-5E40FA1A16D0}.Release|iPhoneSimulator.ActiveCfg = Release|Any CPU
		{DC4A83AF-493E-4356-9726-5E40FA1A16D0}.Release|iPhoneSimulator.Build.0 = Release|Any CPU
		{DC4A83AF-493E-4356-9726-5E40FA1A16D0}.Release|x64.ActiveCfg = Release|Any CPU
		{DC4A83AF-493E-4356-9726-5E40FA1A16D0}.Release|x64.Build.0 = Release|Any CPU
		{DC4A83AF-493E-4356-9726-5E40FA1A16D0}.Release|x86.ActiveCfg = Release|Any CPU
		{DC4A83AF-493E-4356-9726-5E40FA1A16D0}.Release|x86.Build.0 = Release|Any CPU
		{3A639F29-DFD0-4036-B6B1-C274310BC88A}.Ad-Hoc|Any CPU.ActiveCfg = Release|Any CPU
		{3A639F29-DFD0-4036-B6B1-C274310BC88A}.Ad-Hoc|Any CPU.Build.0 = Release|Any CPU
		{3A639F29-DFD0-4036-B6B1-C274310BC88A}.Ad-Hoc|ARM.ActiveCfg = Release|Any CPU
		{3A639F29-DFD0-4036-B6B1-C274310BC88A}.Ad-Hoc|ARM.Build.0 = Release|Any CPU
		{3A639F29-DFD0-4036-B6B1-C274310BC88A}.Ad-Hoc|iPhone.ActiveCfg = Release|Any CPU
		{3A639F29-DFD0-4036-B6B1-C274310BC88A}.Ad-Hoc|iPhone.Build.0 = Release|Any CPU
		{3A639F29-DFD0-4036-B6B1-C274310BC88A}.Ad-Hoc|iPhoneSimulator.ActiveCfg = Release|Any CPU
		{3A639F29-DFD0-4036-B6B1-C274310BC88A}.Ad-Hoc|iPhoneSimulator.Build.0 = Release|Any CPU
		{3A639F29-DFD0-4036-B6B1-C274310BC88A}.Ad-Hoc|x64.ActiveCfg = Release|Any CPU
		{3A639F29-DFD0-4036-B6B1-C274310BC88A}.Ad-Hoc|x64.Build.0 = Release|Any CPU
		{3A639F29-DFD0-4036-B6B1-C274310BC88A}.Ad-Hoc|x86.ActiveCfg = Release|Any CPU
		{3A639F29-DFD0-4036-B6B1-C274310BC88A}.Ad-Hoc|x86.Build.0 = Release|Any CPU
		{3A639F29-DFD0-4036-B6B1-C274310BC88A}.AppStore|Any CPU.ActiveCfg = Release|Any CPU
		{3A639F29-DFD0-4036-B6B1-C274310BC88A}.AppStore|Any CPU.Build.0 = Release|Any CPU
		{3A639F29-DFD0-4036-B6B1-C274310BC88A}.AppStore|ARM.ActiveCfg = Release|Any CPU
		{3A639F29-DFD0-4036-B6B1-C274310BC88A}.AppStore|ARM.Build.0 = Release|Any CPU
		{3A639F29-DFD0-4036-B6B1-C274310BC88A}.AppStore|iPhone.ActiveCfg = Release|Any CPU
		{3A639F29-DFD0-4036-B6B1-C274310BC88A}.AppStore|iPhone.Build.0 = Release|Any CPU
		{3A639F29-DFD0-4036-B6B1-C274310BC88A}.AppStore|iPhoneSimulator.ActiveCfg = Release|Any CPU
		{3A639F29-DFD0-4036-B6B1-C274310BC88A}.AppStore|iPhoneSimulator.Build.0 = Release|Any CPU
		{3A639F29-DFD0-4036-B6B1-C274310BC88A}.AppStore|x64.ActiveCfg = Release|Any CPU
		{3A639F29-DFD0-4036-B6B1-C274310BC88A}.AppStore|x64.Build.0 = Release|Any CPU
		{3A639F29-DFD0-4036-B6B1-C274310BC88A}.AppStore|x86.ActiveCfg = Release|Any CPU
		{3A639F29-DFD0-4036-B6B1-C274310BC88A}.AppStore|x86.Build.0 = Release|Any CPU
		{3A639F29-DFD0-4036-B6B1-C274310BC88A}.Debug|Any CPU.ActiveCfg = Debug|Any CPU
		{3A639F29-DFD0-4036-B6B1-C274310BC88A}.Debug|Any CPU.Build.0 = Debug|Any CPU
		{3A639F29-DFD0-4036-B6B1-C274310BC88A}.Debug|ARM.ActiveCfg = Debug|Any CPU
		{3A639F29-DFD0-4036-B6B1-C274310BC88A}.Debug|ARM.Build.0 = Debug|Any CPU
		{3A639F29-DFD0-4036-B6B1-C274310BC88A}.Debug|iPhone.ActiveCfg = Debug|Any CPU
		{3A639F29-DFD0-4036-B6B1-C274310BC88A}.Debug|iPhone.Build.0 = Debug|Any CPU
		{3A639F29-DFD0-4036-B6B1-C274310BC88A}.Debug|iPhoneSimulator.ActiveCfg = Debug|Any CPU
		{3A639F29-DFD0-4036-B6B1-C274310BC88A}.Debug|iPhoneSimulator.Build.0 = Debug|Any CPU
		{3A639F29-DFD0-4036-B6B1-C274310BC88A}.Debug|x64.ActiveCfg = Debug|Any CPU
		{3A639F29-DFD0-4036-B6B1-C274310BC88A}.Debug|x64.Build.0 = Debug|Any CPU
		{3A639F29-DFD0-4036-B6B1-C274310BC88A}.Debug|x86.ActiveCfg = Debug|Any CPU
		{3A639F29-DFD0-4036-B6B1-C274310BC88A}.Debug|x86.Build.0 = Debug|Any CPU
		{3A639F29-DFD0-4036-B6B1-C274310BC88A}.Release|Any CPU.ActiveCfg = Release|Any CPU
		{3A639F29-DFD0-4036-B6B1-C274310BC88A}.Release|Any CPU.Build.0 = Release|Any CPU
		{3A639F29-DFD0-4036-B6B1-C274310BC88A}.Release|ARM.ActiveCfg = Release|Any CPU
		{3A639F29-DFD0-4036-B6B1-C274310BC88A}.Release|ARM.Build.0 = Release|Any CPU
		{3A639F29-DFD0-4036-B6B1-C274310BC88A}.Release|iPhone.ActiveCfg = Release|Any CPU
		{3A639F29-DFD0-4036-B6B1-C274310BC88A}.Release|iPhone.Build.0 = Release|Any CPU
		{3A639F29-DFD0-4036-B6B1-C274310BC88A}.Release|iPhoneSimulator.ActiveCfg = Release|Any CPU
		{3A639F29-DFD0-4036-B6B1-C274310BC88A}.Release|iPhoneSimulator.Build.0 = Release|Any CPU
		{3A639F29-DFD0-4036-B6B1-C274310BC88A}.Release|x64.ActiveCfg = Release|Any CPU
		{3A639F29-DFD0-4036-B6B1-C274310BC88A}.Release|x64.Build.0 = Release|Any CPU
		{3A639F29-DFD0-4036-B6B1-C274310BC88A}.Release|x86.ActiveCfg = Release|Any CPU
		{3A639F29-DFD0-4036-B6B1-C274310BC88A}.Release|x86.Build.0 = Release|Any CPU
		{BF27D5DB-A3CD-4934-A849-69509FF29DD3}.Ad-Hoc|Any CPU.ActiveCfg = Release|Any CPU
		{BF27D5DB-A3CD-4934-A849-69509FF29DD3}.Ad-Hoc|Any CPU.Build.0 = Release|Any CPU
		{BF27D5DB-A3CD-4934-A849-69509FF29DD3}.Ad-Hoc|ARM.ActiveCfg = Release|Any CPU
		{BF27D5DB-A3CD-4934-A849-69509FF29DD3}.Ad-Hoc|ARM.Build.0 = Release|Any CPU
		{BF27D5DB-A3CD-4934-A849-69509FF29DD3}.Ad-Hoc|iPhone.ActiveCfg = Release|Any CPU
		{BF27D5DB-A3CD-4934-A849-69509FF29DD3}.Ad-Hoc|iPhone.Build.0 = Release|Any CPU
		{BF27D5DB-A3CD-4934-A849-69509FF29DD3}.Ad-Hoc|iPhoneSimulator.ActiveCfg = Release|Any CPU
		{BF27D5DB-A3CD-4934-A849-69509FF29DD3}.Ad-Hoc|iPhoneSimulator.Build.0 = Release|Any CPU
		{BF27D5DB-A3CD-4934-A849-69509FF29DD3}.Ad-Hoc|x64.ActiveCfg = Release|Any CPU
		{BF27D5DB-A3CD-4934-A849-69509FF29DD3}.Ad-Hoc|x64.Build.0 = Release|Any CPU
		{BF27D5DB-A3CD-4934-A849-69509FF29DD3}.Ad-Hoc|x86.ActiveCfg = Release|Any CPU
		{BF27D5DB-A3CD-4934-A849-69509FF29DD3}.Ad-Hoc|x86.Build.0 = Release|Any CPU
		{BF27D5DB-A3CD-4934-A849-69509FF29DD3}.AppStore|Any CPU.ActiveCfg = Release|Any CPU
		{BF27D5DB-A3CD-4934-A849-69509FF29DD3}.AppStore|Any CPU.Build.0 = Release|Any CPU
		{BF27D5DB-A3CD-4934-A849-69509FF29DD3}.AppStore|ARM.ActiveCfg = Release|Any CPU
		{BF27D5DB-A3CD-4934-A849-69509FF29DD3}.AppStore|ARM.Build.0 = Release|Any CPU
		{BF27D5DB-A3CD-4934-A849-69509FF29DD3}.AppStore|iPhone.ActiveCfg = Release|Any CPU
		{BF27D5DB-A3CD-4934-A849-69509FF29DD3}.AppStore|iPhone.Build.0 = Release|Any CPU
		{BF27D5DB-A3CD-4934-A849-69509FF29DD3}.AppStore|iPhoneSimulator.ActiveCfg = Release|Any CPU
		{BF27D5DB-A3CD-4934-A849-69509FF29DD3}.AppStore|iPhoneSimulator.Build.0 = Release|Any CPU
		{BF27D5DB-A3CD-4934-A849-69509FF29DD3}.AppStore|x64.ActiveCfg = Release|Any CPU
		{BF27D5DB-A3CD-4934-A849-69509FF29DD3}.AppStore|x64.Build.0 = Release|Any CPU
		{BF27D5DB-A3CD-4934-A849-69509FF29DD3}.AppStore|x86.ActiveCfg = Release|Any CPU
		{BF27D5DB-A3CD-4934-A849-69509FF29DD3}.AppStore|x86.Build.0 = Release|Any CPU
		{BF27D5DB-A3CD-4934-A849-69509FF29DD3}.Debug|Any CPU.ActiveCfg = Debug|Any CPU
		{BF27D5DB-A3CD-4934-A849-69509FF29DD3}.Debug|Any CPU.Build.0 = Debug|Any CPU
		{BF27D5DB-A3CD-4934-A849-69509FF29DD3}.Debug|ARM.ActiveCfg = Debug|Any CPU
		{BF27D5DB-A3CD-4934-A849-69509FF29DD3}.Debug|ARM.Build.0 = Debug|Any CPU
		{BF27D5DB-A3CD-4934-A849-69509FF29DD3}.Debug|iPhone.ActiveCfg = Debug|Any CPU
		{BF27D5DB-A3CD-4934-A849-69509FF29DD3}.Debug|iPhone.Build.0 = Debug|Any CPU
		{BF27D5DB-A3CD-4934-A849-69509FF29DD3}.Debug|iPhoneSimulator.ActiveCfg = Debug|Any CPU
		{BF27D5DB-A3CD-4934-A849-69509FF29DD3}.Debug|iPhoneSimulator.Build.0 = Debug|Any CPU
		{BF27D5DB-A3CD-4934-A849-69509FF29DD3}.Debug|x64.ActiveCfg = Debug|Any CPU
		{BF27D5DB-A3CD-4934-A849-69509FF29DD3}.Debug|x64.Build.0 = Debug|Any CPU
		{BF27D5DB-A3CD-4934-A849-69509FF29DD3}.Debug|x86.ActiveCfg = Debug|Any CPU
		{BF27D5DB-A3CD-4934-A849-69509FF29DD3}.Debug|x86.Build.0 = Debug|Any CPU
		{BF27D5DB-A3CD-4934-A849-69509FF29DD3}.Release|Any CPU.ActiveCfg = Release|Any CPU
		{BF27D5DB-A3CD-4934-A849-69509FF29DD3}.Release|Any CPU.Build.0 = Release|Any CPU
		{BF27D5DB-A3CD-4934-A849-69509FF29DD3}.Release|ARM.ActiveCfg = Release|Any CPU
		{BF27D5DB-A3CD-4934-A849-69509FF29DD3}.Release|ARM.Build.0 = Release|Any CPU
		{BF27D5DB-A3CD-4934-A849-69509FF29DD3}.Release|iPhone.ActiveCfg = Release|Any CPU
		{BF27D5DB-A3CD-4934-A849-69509FF29DD3}.Release|iPhone.Build.0 = Release|Any CPU
		{BF27D5DB-A3CD-4934-A849-69509FF29DD3}.Release|iPhoneSimulator.ActiveCfg = Release|Any CPU
		{BF27D5DB-A3CD-4934-A849-69509FF29DD3}.Release|iPhoneSimulator.Build.0 = Release|Any CPU
		{BF27D5DB-A3CD-4934-A849-69509FF29DD3}.Release|x64.ActiveCfg = Release|Any CPU
		{BF27D5DB-A3CD-4934-A849-69509FF29DD3}.Release|x64.Build.0 = Release|Any CPU
		{BF27D5DB-A3CD-4934-A849-69509FF29DD3}.Release|x86.ActiveCfg = Release|Any CPU
		{BF27D5DB-A3CD-4934-A849-69509FF29DD3}.Release|x86.Build.0 = Release|Any CPU
		{87E46082-2AF9-460E-980F-5E0AF2A7C684}.Ad-Hoc|Any CPU.ActiveCfg = Release|Any CPU
		{87E46082-2AF9-460E-980F-5E0AF2A7C684}.Ad-Hoc|Any CPU.Build.0 = Release|Any CPU
		{87E46082-2AF9-460E-980F-5E0AF2A7C684}.Ad-Hoc|Any CPU.Deploy.0 = Release|Any CPU
		{87E46082-2AF9-460E-980F-5E0AF2A7C684}.Ad-Hoc|ARM.ActiveCfg = Release|Any CPU
		{87E46082-2AF9-460E-980F-5E0AF2A7C684}.Ad-Hoc|ARM.Build.0 = Release|Any CPU
		{87E46082-2AF9-460E-980F-5E0AF2A7C684}.Ad-Hoc|ARM.Deploy.0 = Release|Any CPU
		{87E46082-2AF9-460E-980F-5E0AF2A7C684}.Ad-Hoc|iPhone.ActiveCfg = Release|Any CPU
		{87E46082-2AF9-460E-980F-5E0AF2A7C684}.Ad-Hoc|iPhone.Build.0 = Release|Any CPU
		{87E46082-2AF9-460E-980F-5E0AF2A7C684}.Ad-Hoc|iPhone.Deploy.0 = Release|Any CPU
		{87E46082-2AF9-460E-980F-5E0AF2A7C684}.Ad-Hoc|iPhoneSimulator.ActiveCfg = Release|Any CPU
		{87E46082-2AF9-460E-980F-5E0AF2A7C684}.Ad-Hoc|iPhoneSimulator.Build.0 = Release|Any CPU
		{87E46082-2AF9-460E-980F-5E0AF2A7C684}.Ad-Hoc|iPhoneSimulator.Deploy.0 = Release|Any CPU
		{87E46082-2AF9-460E-980F-5E0AF2A7C684}.Ad-Hoc|x64.ActiveCfg = Release|Any CPU
		{87E46082-2AF9-460E-980F-5E0AF2A7C684}.Ad-Hoc|x64.Build.0 = Release|Any CPU
		{87E46082-2AF9-460E-980F-5E0AF2A7C684}.Ad-Hoc|x64.Deploy.0 = Release|Any CPU
		{87E46082-2AF9-460E-980F-5E0AF2A7C684}.Ad-Hoc|x86.ActiveCfg = Release|Any CPU
		{87E46082-2AF9-460E-980F-5E0AF2A7C684}.Ad-Hoc|x86.Build.0 = Release|Any CPU
		{87E46082-2AF9-460E-980F-5E0AF2A7C684}.Ad-Hoc|x86.Deploy.0 = Release|Any CPU
		{87E46082-2AF9-460E-980F-5E0AF2A7C684}.AppStore|Any CPU.ActiveCfg = Release|Any CPU
		{87E46082-2AF9-460E-980F-5E0AF2A7C684}.AppStore|Any CPU.Build.0 = Release|Any CPU
		{87E46082-2AF9-460E-980F-5E0AF2A7C684}.AppStore|Any CPU.Deploy.0 = Release|Any CPU
		{87E46082-2AF9-460E-980F-5E0AF2A7C684}.AppStore|ARM.ActiveCfg = Release|Any CPU
		{87E46082-2AF9-460E-980F-5E0AF2A7C684}.AppStore|ARM.Build.0 = Release|Any CPU
		{87E46082-2AF9-460E-980F-5E0AF2A7C684}.AppStore|ARM.Deploy.0 = Release|Any CPU
		{87E46082-2AF9-460E-980F-5E0AF2A7C684}.AppStore|iPhone.ActiveCfg = Release|Any CPU
		{87E46082-2AF9-460E-980F-5E0AF2A7C684}.AppStore|iPhone.Build.0 = Release|Any CPU
		{87E46082-2AF9-460E-980F-5E0AF2A7C684}.AppStore|iPhone.Deploy.0 = Release|Any CPU
		{87E46082-2AF9-460E-980F-5E0AF2A7C684}.AppStore|iPhoneSimulator.ActiveCfg = Release|Any CPU
		{87E46082-2AF9-460E-980F-5E0AF2A7C684}.AppStore|iPhoneSimulator.Build.0 = Release|Any CPU
		{87E46082-2AF9-460E-980F-5E0AF2A7C684}.AppStore|iPhoneSimulator.Deploy.0 = Release|Any CPU
		{87E46082-2AF9-460E-980F-5E0AF2A7C684}.AppStore|x64.ActiveCfg = Release|Any CPU
		{87E46082-2AF9-460E-980F-5E0AF2A7C684}.AppStore|x64.Build.0 = Release|Any CPU
		{87E46082-2AF9-460E-980F-5E0AF2A7C684}.AppStore|x64.Deploy.0 = Release|Any CPU
		{87E46082-2AF9-460E-980F-5E0AF2A7C684}.AppStore|x86.ActiveCfg = Release|Any CPU
		{87E46082-2AF9-460E-980F-5E0AF2A7C684}.AppStore|x86.Build.0 = Release|Any CPU
		{87E46082-2AF9-460E-980F-5E0AF2A7C684}.AppStore|x86.Deploy.0 = Release|Any CPU
		{87E46082-2AF9-460E-980F-5E0AF2A7C684}.Debug|Any CPU.ActiveCfg = Debug|Any CPU
		{87E46082-2AF9-460E-980F-5E0AF2A7C684}.Debug|Any CPU.Build.0 = Debug|Any CPU
		{87E46082-2AF9-460E-980F-5E0AF2A7C684}.Debug|Any CPU.Deploy.0 = Debug|Any CPU
		{87E46082-2AF9-460E-980F-5E0AF2A7C684}.Debug|ARM.ActiveCfg = Debug|Any CPU
		{87E46082-2AF9-460E-980F-5E0AF2A7C684}.Debug|ARM.Build.0 = Debug|Any CPU
		{87E46082-2AF9-460E-980F-5E0AF2A7C684}.Debug|ARM.Deploy.0 = Debug|Any CPU
		{87E46082-2AF9-460E-980F-5E0AF2A7C684}.Debug|iPhone.ActiveCfg = Debug|Any CPU
		{87E46082-2AF9-460E-980F-5E0AF2A7C684}.Debug|iPhone.Build.0 = Debug|Any CPU
		{87E46082-2AF9-460E-980F-5E0AF2A7C684}.Debug|iPhone.Deploy.0 = Debug|Any CPU
		{87E46082-2AF9-460E-980F-5E0AF2A7C684}.Debug|iPhoneSimulator.ActiveCfg = Debug|Any CPU
		{87E46082-2AF9-460E-980F-5E0AF2A7C684}.Debug|iPhoneSimulator.Build.0 = Debug|Any CPU
		{87E46082-2AF9-460E-980F-5E0AF2A7C684}.Debug|iPhoneSimulator.Deploy.0 = Debug|Any CPU
		{87E46082-2AF9-460E-980F-5E0AF2A7C684}.Debug|x64.ActiveCfg = Debug|Any CPU
		{87E46082-2AF9-460E-980F-5E0AF2A7C684}.Debug|x64.Build.0 = Debug|Any CPU
		{87E46082-2AF9-460E-980F-5E0AF2A7C684}.Debug|x64.Deploy.0 = Debug|Any CPU
		{87E46082-2AF9-460E-980F-5E0AF2A7C684}.Debug|x86.ActiveCfg = Debug|Any CPU
		{87E46082-2AF9-460E-980F-5E0AF2A7C684}.Debug|x86.Build.0 = Debug|Any CPU
		{87E46082-2AF9-460E-980F-5E0AF2A7C684}.Debug|x86.Deploy.0 = Debug|Any CPU
		{87E46082-2AF9-460E-980F-5E0AF2A7C684}.Release|Any CPU.ActiveCfg = Release|Any CPU
		{87E46082-2AF9-460E-980F-5E0AF2A7C684}.Release|Any CPU.Build.0 = Release|Any CPU
		{87E46082-2AF9-460E-980F-5E0AF2A7C684}.Release|Any CPU.Deploy.0 = Release|Any CPU
		{87E46082-2AF9-460E-980F-5E0AF2A7C684}.Release|ARM.ActiveCfg = Release|Any CPU
		{87E46082-2AF9-460E-980F-5E0AF2A7C684}.Release|ARM.Build.0 = Release|Any CPU
		{87E46082-2AF9-460E-980F-5E0AF2A7C684}.Release|ARM.Deploy.0 = Release|Any CPU
		{87E46082-2AF9-460E-980F-5E0AF2A7C684}.Release|iPhone.ActiveCfg = Release|Any CPU
		{87E46082-2AF9-460E-980F-5E0AF2A7C684}.Release|iPhone.Build.0 = Release|Any CPU
		{87E46082-2AF9-460E-980F-5E0AF2A7C684}.Release|iPhone.Deploy.0 = Release|Any CPU
		{87E46082-2AF9-460E-980F-5E0AF2A7C684}.Release|iPhoneSimulator.ActiveCfg = Release|Any CPU
		{87E46082-2AF9-460E-980F-5E0AF2A7C684}.Release|iPhoneSimulator.Build.0 = Release|Any CPU
		{87E46082-2AF9-460E-980F-5E0AF2A7C684}.Release|iPhoneSimulator.Deploy.0 = Release|Any CPU
		{87E46082-2AF9-460E-980F-5E0AF2A7C684}.Release|x64.ActiveCfg = Release|Any CPU
		{87E46082-2AF9-460E-980F-5E0AF2A7C684}.Release|x64.Build.0 = Release|Any CPU
		{87E46082-2AF9-460E-980F-5E0AF2A7C684}.Release|x64.Deploy.0 = Release|Any CPU
		{87E46082-2AF9-460E-980F-5E0AF2A7C684}.Release|x86.ActiveCfg = Release|Any CPU
		{87E46082-2AF9-460E-980F-5E0AF2A7C684}.Release|x86.Build.0 = Release|Any CPU
		{87E46082-2AF9-460E-980F-5E0AF2A7C684}.Release|x86.Deploy.0 = Release|Any CPU
		{563C4E58-77B7-4403-AC4E-C54665FC5535}.Ad-Hoc|Any CPU.ActiveCfg = Release|Any CPU
		{563C4E58-77B7-4403-AC4E-C54665FC5535}.Ad-Hoc|Any CPU.Build.0 = Release|Any CPU
		{563C4E58-77B7-4403-AC4E-C54665FC5535}.Ad-Hoc|Any CPU.Deploy.0 = Release|Any CPU
		{563C4E58-77B7-4403-AC4E-C54665FC5535}.Ad-Hoc|ARM.ActiveCfg = Release|Any CPU
		{563C4E58-77B7-4403-AC4E-C54665FC5535}.Ad-Hoc|ARM.Build.0 = Release|Any CPU
		{563C4E58-77B7-4403-AC4E-C54665FC5535}.Ad-Hoc|ARM.Deploy.0 = Release|Any CPU
		{563C4E58-77B7-4403-AC4E-C54665FC5535}.Ad-Hoc|iPhone.ActiveCfg = Release|Any CPU
		{563C4E58-77B7-4403-AC4E-C54665FC5535}.Ad-Hoc|iPhone.Build.0 = Release|Any CPU
		{563C4E58-77B7-4403-AC4E-C54665FC5535}.Ad-Hoc|iPhone.Deploy.0 = Release|Any CPU
		{563C4E58-77B7-4403-AC4E-C54665FC5535}.Ad-Hoc|iPhoneSimulator.ActiveCfg = Release|Any CPU
		{563C4E58-77B7-4403-AC4E-C54665FC5535}.Ad-Hoc|iPhoneSimulator.Build.0 = Release|Any CPU
		{563C4E58-77B7-4403-AC4E-C54665FC5535}.Ad-Hoc|iPhoneSimulator.Deploy.0 = Release|Any CPU
		{563C4E58-77B7-4403-AC4E-C54665FC5535}.Ad-Hoc|x64.ActiveCfg = Release|Any CPU
		{563C4E58-77B7-4403-AC4E-C54665FC5535}.Ad-Hoc|x64.Build.0 = Release|Any CPU
		{563C4E58-77B7-4403-AC4E-C54665FC5535}.Ad-Hoc|x64.Deploy.0 = Release|Any CPU
		{563C4E58-77B7-4403-AC4E-C54665FC5535}.Ad-Hoc|x86.ActiveCfg = Release|Any CPU
		{563C4E58-77B7-4403-AC4E-C54665FC5535}.Ad-Hoc|x86.Build.0 = Release|Any CPU
		{563C4E58-77B7-4403-AC4E-C54665FC5535}.Ad-Hoc|x86.Deploy.0 = Release|Any CPU
		{563C4E58-77B7-4403-AC4E-C54665FC5535}.AppStore|Any CPU.ActiveCfg = Release|Any CPU
		{563C4E58-77B7-4403-AC4E-C54665FC5535}.AppStore|Any CPU.Build.0 = Release|Any CPU
		{563C4E58-77B7-4403-AC4E-C54665FC5535}.AppStore|Any CPU.Deploy.0 = Release|Any CPU
		{563C4E58-77B7-4403-AC4E-C54665FC5535}.AppStore|ARM.ActiveCfg = Release|Any CPU
		{563C4E58-77B7-4403-AC4E-C54665FC5535}.AppStore|ARM.Build.0 = Release|Any CPU
		{563C4E58-77B7-4403-AC4E-C54665FC5535}.AppStore|ARM.Deploy.0 = Release|Any CPU
		{563C4E58-77B7-4403-AC4E-C54665FC5535}.AppStore|iPhone.ActiveCfg = Release|Any CPU
		{563C4E58-77B7-4403-AC4E-C54665FC5535}.AppStore|iPhone.Build.0 = Release|Any CPU
		{563C4E58-77B7-4403-AC4E-C54665FC5535}.AppStore|iPhone.Deploy.0 = Release|Any CPU
		{563C4E58-77B7-4403-AC4E-C54665FC5535}.AppStore|iPhoneSimulator.ActiveCfg = Release|Any CPU
		{563C4E58-77B7-4403-AC4E-C54665FC5535}.AppStore|iPhoneSimulator.Build.0 = Release|Any CPU
		{563C4E58-77B7-4403-AC4E-C54665FC5535}.AppStore|iPhoneSimulator.Deploy.0 = Release|Any CPU
		{563C4E58-77B7-4403-AC4E-C54665FC5535}.AppStore|x64.ActiveCfg = Release|Any CPU
		{563C4E58-77B7-4403-AC4E-C54665FC5535}.AppStore|x64.Build.0 = Release|Any CPU
		{563C4E58-77B7-4403-AC4E-C54665FC5535}.AppStore|x64.Deploy.0 = Release|Any CPU
		{563C4E58-77B7-4403-AC4E-C54665FC5535}.AppStore|x86.ActiveCfg = Release|Any CPU
		{563C4E58-77B7-4403-AC4E-C54665FC5535}.AppStore|x86.Build.0 = Release|Any CPU
		{563C4E58-77B7-4403-AC4E-C54665FC5535}.AppStore|x86.Deploy.0 = Release|Any CPU
		{563C4E58-77B7-4403-AC4E-C54665FC5535}.Debug|Any CPU.ActiveCfg = Debug|Any CPU
		{563C4E58-77B7-4403-AC4E-C54665FC5535}.Debug|Any CPU.Build.0 = Debug|Any CPU
		{563C4E58-77B7-4403-AC4E-C54665FC5535}.Debug|Any CPU.Deploy.0 = Debug|Any CPU
		{563C4E58-77B7-4403-AC4E-C54665FC5535}.Debug|ARM.ActiveCfg = Debug|Any CPU
		{563C4E58-77B7-4403-AC4E-C54665FC5535}.Debug|ARM.Build.0 = Debug|Any CPU
		{563C4E58-77B7-4403-AC4E-C54665FC5535}.Debug|ARM.Deploy.0 = Debug|Any CPU
		{563C4E58-77B7-4403-AC4E-C54665FC5535}.Debug|iPhone.ActiveCfg = Debug|Any CPU
		{563C4E58-77B7-4403-AC4E-C54665FC5535}.Debug|iPhone.Build.0 = Debug|Any CPU
		{563C4E58-77B7-4403-AC4E-C54665FC5535}.Debug|iPhone.Deploy.0 = Debug|Any CPU
		{563C4E58-77B7-4403-AC4E-C54665FC5535}.Debug|iPhoneSimulator.ActiveCfg = Debug|Any CPU
		{563C4E58-77B7-4403-AC4E-C54665FC5535}.Debug|iPhoneSimulator.Build.0 = Debug|Any CPU
		{563C4E58-77B7-4403-AC4E-C54665FC5535}.Debug|iPhoneSimulator.Deploy.0 = Debug|Any CPU
		{563C4E58-77B7-4403-AC4E-C54665FC5535}.Debug|x64.ActiveCfg = Debug|Any CPU
		{563C4E58-77B7-4403-AC4E-C54665FC5535}.Debug|x64.Build.0 = Debug|Any CPU
		{563C4E58-77B7-4403-AC4E-C54665FC5535}.Debug|x64.Deploy.0 = Debug|Any CPU
		{563C4E58-77B7-4403-AC4E-C54665FC5535}.Debug|x86.ActiveCfg = Debug|Any CPU
		{563C4E58-77B7-4403-AC4E-C54665FC5535}.Debug|x86.Build.0 = Debug|Any CPU
		{563C4E58-77B7-4403-AC4E-C54665FC5535}.Debug|x86.Deploy.0 = Debug|Any CPU
		{563C4E58-77B7-4403-AC4E-C54665FC5535}.Release|Any CPU.ActiveCfg = Release|Any CPU
		{563C4E58-77B7-4403-AC4E-C54665FC5535}.Release|Any CPU.Build.0 = Release|Any CPU
		{563C4E58-77B7-4403-AC4E-C54665FC5535}.Release|Any CPU.Deploy.0 = Release|Any CPU
		{563C4E58-77B7-4403-AC4E-C54665FC5535}.Release|ARM.ActiveCfg = Release|Any CPU
		{563C4E58-77B7-4403-AC4E-C54665FC5535}.Release|ARM.Build.0 = Release|Any CPU
		{563C4E58-77B7-4403-AC4E-C54665FC5535}.Release|ARM.Deploy.0 = Release|Any CPU
		{563C4E58-77B7-4403-AC4E-C54665FC5535}.Release|iPhone.ActiveCfg = Release|Any CPU
		{563C4E58-77B7-4403-AC4E-C54665FC5535}.Release|iPhone.Build.0 = Release|Any CPU
		{563C4E58-77B7-4403-AC4E-C54665FC5535}.Release|iPhone.Deploy.0 = Release|Any CPU
		{563C4E58-77B7-4403-AC4E-C54665FC5535}.Release|iPhoneSimulator.ActiveCfg = Release|Any CPU
		{563C4E58-77B7-4403-AC4E-C54665FC5535}.Release|iPhoneSimulator.Build.0 = Release|Any CPU
		{563C4E58-77B7-4403-AC4E-C54665FC5535}.Release|iPhoneSimulator.Deploy.0 = Release|Any CPU
		{563C4E58-77B7-4403-AC4E-C54665FC5535}.Release|x64.ActiveCfg = Release|Any CPU
		{563C4E58-77B7-4403-AC4E-C54665FC5535}.Release|x64.Build.0 = Release|Any CPU
		{563C4E58-77B7-4403-AC4E-C54665FC5535}.Release|x64.Deploy.0 = Release|Any CPU
		{563C4E58-77B7-4403-AC4E-C54665FC5535}.Release|x86.ActiveCfg = Release|Any CPU
		{563C4E58-77B7-4403-AC4E-C54665FC5535}.Release|x86.Build.0 = Release|Any CPU
		{563C4E58-77B7-4403-AC4E-C54665FC5535}.Release|x86.Deploy.0 = Release|Any CPU
		{C09A20E4-9FAB-44FA-8ED7-6A2139D9AB3F}.Ad-Hoc|Any CPU.ActiveCfg = Release|Any CPU
		{C09A20E4-9FAB-44FA-8ED7-6A2139D9AB3F}.Ad-Hoc|Any CPU.Build.0 = Release|Any CPU
		{C09A20E4-9FAB-44FA-8ED7-6A2139D9AB3F}.Ad-Hoc|Any CPU.Deploy.0 = Release|Any CPU
		{C09A20E4-9FAB-44FA-8ED7-6A2139D9AB3F}.Ad-Hoc|ARM.ActiveCfg = Release|Any CPU
		{C09A20E4-9FAB-44FA-8ED7-6A2139D9AB3F}.Ad-Hoc|ARM.Build.0 = Release|Any CPU
		{C09A20E4-9FAB-44FA-8ED7-6A2139D9AB3F}.Ad-Hoc|ARM.Deploy.0 = Release|Any CPU
		{C09A20E4-9FAB-44FA-8ED7-6A2139D9AB3F}.Ad-Hoc|iPhone.ActiveCfg = Release|Any CPU
		{C09A20E4-9FAB-44FA-8ED7-6A2139D9AB3F}.Ad-Hoc|iPhone.Build.0 = Release|Any CPU
		{C09A20E4-9FAB-44FA-8ED7-6A2139D9AB3F}.Ad-Hoc|iPhone.Deploy.0 = Release|Any CPU
		{C09A20E4-9FAB-44FA-8ED7-6A2139D9AB3F}.Ad-Hoc|iPhoneSimulator.ActiveCfg = Release|Any CPU
		{C09A20E4-9FAB-44FA-8ED7-6A2139D9AB3F}.Ad-Hoc|iPhoneSimulator.Build.0 = Release|Any CPU
		{C09A20E4-9FAB-44FA-8ED7-6A2139D9AB3F}.Ad-Hoc|iPhoneSimulator.Deploy.0 = Release|Any CPU
		{C09A20E4-9FAB-44FA-8ED7-6A2139D9AB3F}.Ad-Hoc|x64.ActiveCfg = Release|Any CPU
		{C09A20E4-9FAB-44FA-8ED7-6A2139D9AB3F}.Ad-Hoc|x64.Build.0 = Release|Any CPU
		{C09A20E4-9FAB-44FA-8ED7-6A2139D9AB3F}.Ad-Hoc|x64.Deploy.0 = Release|Any CPU
		{C09A20E4-9FAB-44FA-8ED7-6A2139D9AB3F}.Ad-Hoc|x86.ActiveCfg = Release|Any CPU
		{C09A20E4-9FAB-44FA-8ED7-6A2139D9AB3F}.Ad-Hoc|x86.Build.0 = Release|Any CPU
		{C09A20E4-9FAB-44FA-8ED7-6A2139D9AB3F}.Ad-Hoc|x86.Deploy.0 = Release|Any CPU
		{C09A20E4-9FAB-44FA-8ED7-6A2139D9AB3F}.AppStore|Any CPU.ActiveCfg = Release|Any CPU
		{C09A20E4-9FAB-44FA-8ED7-6A2139D9AB3F}.AppStore|Any CPU.Build.0 = Release|Any CPU
		{C09A20E4-9FAB-44FA-8ED7-6A2139D9AB3F}.AppStore|Any CPU.Deploy.0 = Release|Any CPU
		{C09A20E4-9FAB-44FA-8ED7-6A2139D9AB3F}.AppStore|ARM.ActiveCfg = Release|Any CPU
		{C09A20E4-9FAB-44FA-8ED7-6A2139D9AB3F}.AppStore|ARM.Build.0 = Release|Any CPU
		{C09A20E4-9FAB-44FA-8ED7-6A2139D9AB3F}.AppStore|ARM.Deploy.0 = Release|Any CPU
		{C09A20E4-9FAB-44FA-8ED7-6A2139D9AB3F}.AppStore|iPhone.ActiveCfg = Release|Any CPU
		{C09A20E4-9FAB-44FA-8ED7-6A2139D9AB3F}.AppStore|iPhone.Build.0 = Release|Any CPU
		{C09A20E4-9FAB-44FA-8ED7-6A2139D9AB3F}.AppStore|iPhone.Deploy.0 = Release|Any CPU
		{C09A20E4-9FAB-44FA-8ED7-6A2139D9AB3F}.AppStore|iPhoneSimulator.ActiveCfg = Release|Any CPU
		{C09A20E4-9FAB-44FA-8ED7-6A2139D9AB3F}.AppStore|iPhoneSimulator.Build.0 = Release|Any CPU
		{C09A20E4-9FAB-44FA-8ED7-6A2139D9AB3F}.AppStore|iPhoneSimulator.Deploy.0 = Release|Any CPU
		{C09A20E4-9FAB-44FA-8ED7-6A2139D9AB3F}.AppStore|x64.ActiveCfg = Release|Any CPU
		{C09A20E4-9FAB-44FA-8ED7-6A2139D9AB3F}.AppStore|x64.Build.0 = Release|Any CPU
		{C09A20E4-9FAB-44FA-8ED7-6A2139D9AB3F}.AppStore|x64.Deploy.0 = Release|Any CPU
		{C09A20E4-9FAB-44FA-8ED7-6A2139D9AB3F}.AppStore|x86.ActiveCfg = Release|Any CPU
		{C09A20E4-9FAB-44FA-8ED7-6A2139D9AB3F}.AppStore|x86.Build.0 = Release|Any CPU
		{C09A20E4-9FAB-44FA-8ED7-6A2139D9AB3F}.AppStore|x86.Deploy.0 = Release|Any CPU
		{C09A20E4-9FAB-44FA-8ED7-6A2139D9AB3F}.Debug|Any CPU.ActiveCfg = Debug|Any CPU
		{C09A20E4-9FAB-44FA-8ED7-6A2139D9AB3F}.Debug|Any CPU.Build.0 = Debug|Any CPU
		{C09A20E4-9FAB-44FA-8ED7-6A2139D9AB3F}.Debug|Any CPU.Deploy.0 = Debug|Any CPU
		{C09A20E4-9FAB-44FA-8ED7-6A2139D9AB3F}.Debug|ARM.ActiveCfg = Debug|Any CPU
		{C09A20E4-9FAB-44FA-8ED7-6A2139D9AB3F}.Debug|ARM.Build.0 = Debug|Any CPU
		{C09A20E4-9FAB-44FA-8ED7-6A2139D9AB3F}.Debug|ARM.Deploy.0 = Debug|Any CPU
		{C09A20E4-9FAB-44FA-8ED7-6A2139D9AB3F}.Debug|iPhone.ActiveCfg = Debug|Any CPU
		{C09A20E4-9FAB-44FA-8ED7-6A2139D9AB3F}.Debug|iPhone.Build.0 = Debug|Any CPU
		{C09A20E4-9FAB-44FA-8ED7-6A2139D9AB3F}.Debug|iPhone.Deploy.0 = Debug|Any CPU
		{C09A20E4-9FAB-44FA-8ED7-6A2139D9AB3F}.Debug|iPhoneSimulator.ActiveCfg = Debug|Any CPU
		{C09A20E4-9FAB-44FA-8ED7-6A2139D9AB3F}.Debug|iPhoneSimulator.Build.0 = Debug|Any CPU
		{C09A20E4-9FAB-44FA-8ED7-6A2139D9AB3F}.Debug|iPhoneSimulator.Deploy.0 = Debug|Any CPU
		{C09A20E4-9FAB-44FA-8ED7-6A2139D9AB3F}.Debug|x64.ActiveCfg = Debug|Any CPU
		{C09A20E4-9FAB-44FA-8ED7-6A2139D9AB3F}.Debug|x64.Build.0 = Debug|Any CPU
		{C09A20E4-9FAB-44FA-8ED7-6A2139D9AB3F}.Debug|x64.Deploy.0 = Debug|Any CPU
		{C09A20E4-9FAB-44FA-8ED7-6A2139D9AB3F}.Debug|x86.ActiveCfg = Debug|Any CPU
		{C09A20E4-9FAB-44FA-8ED7-6A2139D9AB3F}.Debug|x86.Build.0 = Debug|Any CPU
		{C09A20E4-9FAB-44FA-8ED7-6A2139D9AB3F}.Debug|x86.Deploy.0 = Debug|Any CPU
		{C09A20E4-9FAB-44FA-8ED7-6A2139D9AB3F}.Release|Any CPU.ActiveCfg = Release|Any CPU
		{C09A20E4-9FAB-44FA-8ED7-6A2139D9AB3F}.Release|Any CPU.Build.0 = Release|Any CPU
		{C09A20E4-9FAB-44FA-8ED7-6A2139D9AB3F}.Release|Any CPU.Deploy.0 = Release|Any CPU
		{C09A20E4-9FAB-44FA-8ED7-6A2139D9AB3F}.Release|ARM.ActiveCfg = Release|Any CPU
		{C09A20E4-9FAB-44FA-8ED7-6A2139D9AB3F}.Release|ARM.Build.0 = Release|Any CPU
		{C09A20E4-9FAB-44FA-8ED7-6A2139D9AB3F}.Release|ARM.Deploy.0 = Release|Any CPU
		{C09A20E4-9FAB-44FA-8ED7-6A2139D9AB3F}.Release|iPhone.ActiveCfg = Release|Any CPU
		{C09A20E4-9FAB-44FA-8ED7-6A2139D9AB3F}.Release|iPhone.Build.0 = Release|Any CPU
		{C09A20E4-9FAB-44FA-8ED7-6A2139D9AB3F}.Release|iPhone.Deploy.0 = Release|Any CPU
		{C09A20E4-9FAB-44FA-8ED7-6A2139D9AB3F}.Release|iPhoneSimulator.ActiveCfg = Release|Any CPU
		{C09A20E4-9FAB-44FA-8ED7-6A2139D9AB3F}.Release|iPhoneSimulator.Build.0 = Release|Any CPU
		{C09A20E4-9FAB-44FA-8ED7-6A2139D9AB3F}.Release|iPhoneSimulator.Deploy.0 = Release|Any CPU
		{C09A20E4-9FAB-44FA-8ED7-6A2139D9AB3F}.Release|x64.ActiveCfg = Release|Any CPU
		{C09A20E4-9FAB-44FA-8ED7-6A2139D9AB3F}.Release|x64.Build.0 = Release|Any CPU
		{C09A20E4-9FAB-44FA-8ED7-6A2139D9AB3F}.Release|x64.Deploy.0 = Release|Any CPU
		{C09A20E4-9FAB-44FA-8ED7-6A2139D9AB3F}.Release|x86.ActiveCfg = Release|Any CPU
		{C09A20E4-9FAB-44FA-8ED7-6A2139D9AB3F}.Release|x86.Build.0 = Release|Any CPU
		{C09A20E4-9FAB-44FA-8ED7-6A2139D9AB3F}.Release|x86.Deploy.0 = Release|Any CPU
		{A94B9FA6-CCA9-4968-938B-65F1149D2115}.Ad-Hoc|Any CPU.ActiveCfg = Release|Any CPU
		{A94B9FA6-CCA9-4968-938B-65F1149D2115}.Ad-Hoc|Any CPU.Build.0 = Release|Any CPU
		{A94B9FA6-CCA9-4968-938B-65F1149D2115}.Ad-Hoc|Any CPU.Deploy.0 = Release|Any CPU
		{A94B9FA6-CCA9-4968-938B-65F1149D2115}.Ad-Hoc|ARM.ActiveCfg = Release|Any CPU
		{A94B9FA6-CCA9-4968-938B-65F1149D2115}.Ad-Hoc|ARM.Build.0 = Release|Any CPU
		{A94B9FA6-CCA9-4968-938B-65F1149D2115}.Ad-Hoc|ARM.Deploy.0 = Release|Any CPU
		{A94B9FA6-CCA9-4968-938B-65F1149D2115}.Ad-Hoc|iPhone.ActiveCfg = Release|Any CPU
		{A94B9FA6-CCA9-4968-938B-65F1149D2115}.Ad-Hoc|iPhone.Build.0 = Release|Any CPU
		{A94B9FA6-CCA9-4968-938B-65F1149D2115}.Ad-Hoc|iPhone.Deploy.0 = Release|Any CPU
		{A94B9FA6-CCA9-4968-938B-65F1149D2115}.Ad-Hoc|iPhoneSimulator.ActiveCfg = Release|Any CPU
		{A94B9FA6-CCA9-4968-938B-65F1149D2115}.Ad-Hoc|iPhoneSimulator.Build.0 = Release|Any CPU
		{A94B9FA6-CCA9-4968-938B-65F1149D2115}.Ad-Hoc|iPhoneSimulator.Deploy.0 = Release|Any CPU
		{A94B9FA6-CCA9-4968-938B-65F1149D2115}.Ad-Hoc|x64.ActiveCfg = Release|Any CPU
		{A94B9FA6-CCA9-4968-938B-65F1149D2115}.Ad-Hoc|x64.Build.0 = Release|Any CPU
		{A94B9FA6-CCA9-4968-938B-65F1149D2115}.Ad-Hoc|x64.Deploy.0 = Release|Any CPU
		{A94B9FA6-CCA9-4968-938B-65F1149D2115}.Ad-Hoc|x86.ActiveCfg = Release|Any CPU
		{A94B9FA6-CCA9-4968-938B-65F1149D2115}.Ad-Hoc|x86.Build.0 = Release|Any CPU
		{A94B9FA6-CCA9-4968-938B-65F1149D2115}.Ad-Hoc|x86.Deploy.0 = Release|Any CPU
		{A94B9FA6-CCA9-4968-938B-65F1149D2115}.AppStore|Any CPU.ActiveCfg = Release|Any CPU
		{A94B9FA6-CCA9-4968-938B-65F1149D2115}.AppStore|Any CPU.Build.0 = Release|Any CPU
		{A94B9FA6-CCA9-4968-938B-65F1149D2115}.AppStore|Any CPU.Deploy.0 = Release|Any CPU
		{A94B9FA6-CCA9-4968-938B-65F1149D2115}.AppStore|ARM.ActiveCfg = Release|Any CPU
		{A94B9FA6-CCA9-4968-938B-65F1149D2115}.AppStore|ARM.Build.0 = Release|Any CPU
		{A94B9FA6-CCA9-4968-938B-65F1149D2115}.AppStore|ARM.Deploy.0 = Release|Any CPU
		{A94B9FA6-CCA9-4968-938B-65F1149D2115}.AppStore|iPhone.ActiveCfg = Release|Any CPU
		{A94B9FA6-CCA9-4968-938B-65F1149D2115}.AppStore|iPhone.Build.0 = Release|Any CPU
		{A94B9FA6-CCA9-4968-938B-65F1149D2115}.AppStore|iPhone.Deploy.0 = Release|Any CPU
		{A94B9FA6-CCA9-4968-938B-65F1149D2115}.AppStore|iPhoneSimulator.ActiveCfg = Release|Any CPU
		{A94B9FA6-CCA9-4968-938B-65F1149D2115}.AppStore|iPhoneSimulator.Build.0 = Release|Any CPU
		{A94B9FA6-CCA9-4968-938B-65F1149D2115}.AppStore|iPhoneSimulator.Deploy.0 = Release|Any CPU
		{A94B9FA6-CCA9-4968-938B-65F1149D2115}.AppStore|x64.ActiveCfg = Release|Any CPU
		{A94B9FA6-CCA9-4968-938B-65F1149D2115}.AppStore|x64.Build.0 = Release|Any CPU
		{A94B9FA6-CCA9-4968-938B-65F1149D2115}.AppStore|x64.Deploy.0 = Release|Any CPU
		{A94B9FA6-CCA9-4968-938B-65F1149D2115}.AppStore|x86.ActiveCfg = Release|Any CPU
		{A94B9FA6-CCA9-4968-938B-65F1149D2115}.AppStore|x86.Build.0 = Release|Any CPU
		{A94B9FA6-CCA9-4968-938B-65F1149D2115}.AppStore|x86.Deploy.0 = Release|Any CPU
		{A94B9FA6-CCA9-4968-938B-65F1149D2115}.Debug|Any CPU.ActiveCfg = Debug|Any CPU
		{A94B9FA6-CCA9-4968-938B-65F1149D2115}.Debug|Any CPU.Build.0 = Debug|Any CPU
		{A94B9FA6-CCA9-4968-938B-65F1149D2115}.Debug|Any CPU.Deploy.0 = Debug|Any CPU
		{A94B9FA6-CCA9-4968-938B-65F1149D2115}.Debug|ARM.ActiveCfg = Debug|Any CPU
		{A94B9FA6-CCA9-4968-938B-65F1149D2115}.Debug|ARM.Build.0 = Debug|Any CPU
		{A94B9FA6-CCA9-4968-938B-65F1149D2115}.Debug|ARM.Deploy.0 = Debug|Any CPU
		{A94B9FA6-CCA9-4968-938B-65F1149D2115}.Debug|iPhone.ActiveCfg = Debug|Any CPU
		{A94B9FA6-CCA9-4968-938B-65F1149D2115}.Debug|iPhone.Build.0 = Debug|Any CPU
		{A94B9FA6-CCA9-4968-938B-65F1149D2115}.Debug|iPhone.Deploy.0 = Debug|Any CPU
		{A94B9FA6-CCA9-4968-938B-65F1149D2115}.Debug|iPhoneSimulator.ActiveCfg = Debug|Any CPU
		{A94B9FA6-CCA9-4968-938B-65F1149D2115}.Debug|iPhoneSimulator.Build.0 = Debug|Any CPU
		{A94B9FA6-CCA9-4968-938B-65F1149D2115}.Debug|iPhoneSimulator.Deploy.0 = Debug|Any CPU
		{A94B9FA6-CCA9-4968-938B-65F1149D2115}.Debug|x64.ActiveCfg = Debug|Any CPU
		{A94B9FA6-CCA9-4968-938B-65F1149D2115}.Debug|x64.Build.0 = Debug|Any CPU
		{A94B9FA6-CCA9-4968-938B-65F1149D2115}.Debug|x64.Deploy.0 = Debug|Any CPU
		{A94B9FA6-CCA9-4968-938B-65F1149D2115}.Debug|x86.ActiveCfg = Debug|Any CPU
		{A94B9FA6-CCA9-4968-938B-65F1149D2115}.Debug|x86.Build.0 = Debug|Any CPU
		{A94B9FA6-CCA9-4968-938B-65F1149D2115}.Debug|x86.Deploy.0 = Debug|Any CPU
		{A94B9FA6-CCA9-4968-938B-65F1149D2115}.Release|Any CPU.ActiveCfg = Release|Any CPU
		{A94B9FA6-CCA9-4968-938B-65F1149D2115}.Release|Any CPU.Build.0 = Release|Any CPU
		{A94B9FA6-CCA9-4968-938B-65F1149D2115}.Release|Any CPU.Deploy.0 = Release|Any CPU
		{A94B9FA6-CCA9-4968-938B-65F1149D2115}.Release|ARM.ActiveCfg = Release|Any CPU
		{A94B9FA6-CCA9-4968-938B-65F1149D2115}.Release|ARM.Build.0 = Release|Any CPU
		{A94B9FA6-CCA9-4968-938B-65F1149D2115}.Release|ARM.Deploy.0 = Release|Any CPU
		{A94B9FA6-CCA9-4968-938B-65F1149D2115}.Release|iPhone.ActiveCfg = Release|Any CPU
		{A94B9FA6-CCA9-4968-938B-65F1149D2115}.Release|iPhone.Build.0 = Release|Any CPU
		{A94B9FA6-CCA9-4968-938B-65F1149D2115}.Release|iPhone.Deploy.0 = Release|Any CPU
		{A94B9FA6-CCA9-4968-938B-65F1149D2115}.Release|iPhoneSimulator.ActiveCfg = Release|Any CPU
		{A94B9FA6-CCA9-4968-938B-65F1149D2115}.Release|iPhoneSimulator.Build.0 = Release|Any CPU
		{A94B9FA6-CCA9-4968-938B-65F1149D2115}.Release|iPhoneSimulator.Deploy.0 = Release|Any CPU
		{A94B9FA6-CCA9-4968-938B-65F1149D2115}.Release|x64.ActiveCfg = Release|Any CPU
		{A94B9FA6-CCA9-4968-938B-65F1149D2115}.Release|x64.Build.0 = Release|Any CPU
		{A94B9FA6-CCA9-4968-938B-65F1149D2115}.Release|x64.Deploy.0 = Release|Any CPU
		{A94B9FA6-CCA9-4968-938B-65F1149D2115}.Release|x86.ActiveCfg = Release|Any CPU
		{A94B9FA6-CCA9-4968-938B-65F1149D2115}.Release|x86.Build.0 = Release|Any CPU
		{A94B9FA6-CCA9-4968-938B-65F1149D2115}.Release|x86.Deploy.0 = Release|Any CPU
	EndGlobalSection
	GlobalSection(SolutionProperties) = preSolution
		HideSolutionNode = FALSE
	EndGlobalSection
	GlobalSection(ExtensibilityGlobals) = postSolution
		SolutionGuid = {273E4683-1E60-4935-8133-CD9D299DD969}
	EndGlobalSection
EndGlobal
